<?xml version="1.0" encoding="utf-8"?>
<Project ToolsVersion="4.0" xmlns="http://schemas.microsoft.com/developer/msbuild/2003">
  <ItemGroup>
    <ClCompile Include="Main.cpp" />
    <ClCompile Include="Character.cpp">
      <Filter>Characters</Filter>
    </ClCompile>
    <ClCompile Include="Player.cpp">
      <Filter>Characters</Filter>
    </ClCompile>
    <ClCompile Include="Inventory.cpp">
      <Filter>Inventory</Filter>
    </ClCompile>
    <ClCompile Include="Skill.cpp">
      <Filter>Skill</Filter>
    </ClCompile>
    <ClCompile Include="Warrior.cpp">
      <Filter>Characters</Filter>
    </ClCompile>
    <ClCompile Include="MainGame.cpp">
      <Filter>GameMode</Filter>
    </ClCompile>
    <ClCompile Include="Magician.cpp">
      <Filter>Characters</Filter>
    </ClCompile>
    <ClCompile Include="Thief.cpp">
      <Filter>Characters</Filter>
    </ClCompile>
    <ClCompile Include="Archer.cpp">
      <Filter>Characters</Filter>
    </ClCompile>
    <ClCompile Include="Monster.cpp">
      <Filter>Characters</Filter>
    </ClCompile>
  </ItemGroup>
  <ItemGroup>
    <ClInclude Include="Character.h">
      <Filter>Characters</Filter>
    </ClInclude>
    <ClInclude Include="Player.h">
      <Filter>Characters</Filter>
    </ClInclude>
    <ClInclude Include="Inventory.h">
      <Filter>Inventory</Filter>
    </ClInclude>
    <ClInclude Include="Skill.h">
      <Filter>Skill</Filter>
    </ClInclude>
    <ClInclude Include="Warrior.h">
      <Filter>Characters</Filter>
    </ClInclude>
    <ClInclude Include="Util.h">
      <Filter>Utils</Filter>
    </ClInclude>
    <ClInclude Include="Enums.h">
      <Filter>Utils</Filter>
    </ClInclude>
    <ClInclude Include="MainGame.h">
      <Filter>GameMode</Filter>
    </ClInclude>
    <ClInclude Include="Magician.h">
      <Filter>Characters</Filter>
    </ClInclude>
    <ClInclude Include="Thief.h">
      <Filter>Characters</Filter>
    </ClInclude>
    <ClInclude Include="Archer.h">
      <Filter>Characters</Filter>
    </ClInclude>
    <ClInclude Include="Monster.h">
      <Filter>Characters</Filter>
    </ClInclude>
  </ItemGroup>
  <ItemGroup>
    <Filter Include="Characters">
      <UniqueIdentifier>{1b17f671-5f8c-4cad-9fc8-61c3da81aa71}</UniqueIdentifier>
    </Filter>
    <Filter Include="Inventory">
      <UniqueIdentifier>{7279d23a-7dc6-4275-b92e-c89b93347a53}</UniqueIdentifier>
    </Filter>
    <Filter Include="Skill">
      <UniqueIdentifier>{5ea3871b-e051-4569-a876-440f5663361c}</UniqueIdentifier>
    </Filter>
    <Filter Include="Utils">
      <UniqueIdentifier>{3c59d09a-762d-4f15-b7c3-376eb314220b}</UniqueIdentifier>
    </Filter>
    <Filter Include="GameMode">
      <UniqueIdentifier>{a4a755c7-3e15-4def-b1bc-d4cf7602f5c5}</UniqueIdentifier>
    </Filter>
  </ItemGroup>
</Project>